PODS:
  - FMDB (2.7.5):
    - FMDB/standard (= 2.7.5)
  - FMDB/standard (2.7.5)
  - Toast-Swift (5.0.1)

DEPENDENCIES:
  - FMDB
  - Toast-Swift (~> 5.0.0)

SPEC REPOS:
  trunk:
    - FMDB
    - Toast-Swift

SPEC CHECKSUMS:
  FMDB: 2ce00b547f966261cd18927a3ddb07cb6f3db82a
  Toast-Swift: 9b6a70f28b3bf0b96c40d46c0c4b9d6639846711

PODFILE CHECKSUM: 3a4797babefee794e91d9759d83904ccb7fc6567

COCOAPODS: 1.10.1
