// !$*UTF8*$!
{
	archiveVersion = 1;
	classes = {
	};
	objectVersion = 51;
	objects = {

/* Begin PBXBuildFile section */
		5243BB2529B9FA07001EE08F /* AppDelegate.swift in Sources */ = {isa = PBXBuildFile; fileRef = 5243BB2429B9FA07001EE08F /* AppDelegate.swift */; };
		5243BB2729B9FA07001EE08F /* SceneDelegate.swift in Sources */ = {isa = PBXBuildFile; fileRef = 5243BB2629B9FA07001EE08F /* SceneDelegate.swift */; };
		5243BB2929B9FA07001EE08F /* ViewController.swift in Sources */ = {isa = PBXBuildFile; fileRef = 5243BB2829B9FA07001EE08F /* ViewController.swift */; };
		5243BB2C29B9FA07001EE08F /* Main.storyboard in Resources */ = {isa = PBXBuildFile; fileRef = 5243BB2A29B9FA07001EE08F /* Main.storyboard */; };
		5243BB2E29B9FA0A001EE08F /* Assets.xcassets in Resources */ = {isa = PBXBuildFile; fileRef = 5243BB2D29B9FA0A001EE08F /* Assets.xcassets */; };
		5243BB3129B9FA0A001EE08F /* LaunchScreen.storyboard in Resources */ = {isa = PBXBuildFile; fileRef = 5243BB2F29B9FA0A001EE08F /* LaunchScreen.storyboard */; };
		5243BB3E29B9FD1B001EE08F /* MyData.swift in Sources */ = {isa = PBXBuildFile; fileRef = 5243BB3D29B9FD1B001EE08F /* MyData.swift */; };
		5243BB4129B9FEC1001EE08F /* signup.db in Resources */ = {isa = PBXBuildFile; fileRef = 5243BB4029B9FEC1001EE08F /* signup.db */; };
		832EDFC71D5126D1F3F9515E /* Pods_DemoProject.framework in Frameworks */ = {isa = PBXBuildFile; fileRef = 7B60C472FE40816DD8E43774 /* Pods_DemoProject.framework */; };
/* End PBXBuildFile section */

/* Begin PBXFileReference section */
		5243BB2129B9FA07001EE08F /* DemoProject.app */ = {isa = PBXFileReference; explicitFileType = wrapper.application; includeInIndex = 0; path = DemoProject.app; sourceTree = BUILT_PRODUCTS_DIR; };
		5243BB2429B9FA07001EE08F /* AppDelegate.swift */ = {isa = PBXFileReference; lastKnownFileType = sourcecode.swift; path = AppDelegate.swift; sourceTree = "<group>"; };
		5243BB2629B9FA07001EE08F /* SceneDelegate.swift */ = {isa = PBXFileReference; lastKnownFileType = sourcecode.swift; path = SceneDelegate.swift; sourceTree = "<group>"; };
		5243BB2829B9FA07001EE08F /* ViewController.swift */ = {isa = PBXFileReference; lastKnownFileType = sourcecode.swift; path = ViewController.swift; sourceTree = "<group>"; };
		5243BB2B29B9FA07001EE08F /* Base */ = {isa = PBXFileReference; lastKnownFileType = file.storyboard; name = Base; path = Base.lproj/Main.storyboard; sourceTree = "<group>"; };
		5243BB2D29B9FA0A001EE08F /* Assets.xcassets */ = {isa = PBXFileReference; lastKnownFileType = folder.assetcatalog; path = Assets.xcassets; sourceTree = "<group>"; };
		5243BB3029B9FA0A001EE08F /* Base */ = {isa = PBXFileReference; lastKnownFileType = file.storyboard; name = Base; path = Base.lproj/LaunchScreen.storyboard; sourceTree = "<group>"; };
		5243BB3229B9FA0A001EE08F /* Info.plist */ = {isa = PBXFileReference; lastKnownFileType = text.plist.xml; path = Info.plist; sourceTree = "<group>"; };
		5243BB3D29B9FD1B001EE08F /* MyData.swift */ = {isa = PBXFileReference; lastKnownFileType = sourcecode.swift; path = MyData.swift; sourceTree = "<group>"; };
		5243BB4029B9FEC1001EE08F /* signup.db */ = {isa = PBXFileReference; lastKnownFileType = file; path = signup.db; sourceTree = "<group>"; };
		5D2897EB409A6F3A9B931CC1 /* Pods-DemoProject.debug.xcconfig */ = {isa = PBXFileReference; includeInIndex = 1; lastKnownFileType = text.xcconfig; name = "Pods-DemoProject.debug.xcconfig"; path = "Target Support Files/Pods-DemoProject/Pods-DemoProject.debug.xcconfig"; sourceTree = "<group>"; };
		6C51D7DC45F04DE007474A6C /* Pods-DemoProject.release.xcconfig */ = {isa = PBXFileReference; includeInIndex = 1; lastKnownFileType = text.xcconfig; name = "Pods-DemoProject.release.xcconfig"; path = "Target Support Files/Pods-DemoProject/Pods-DemoProject.release.xcconfig"; sourceTree = "<group>"; };
		7B60C472FE40816DD8E43774 /* Pods_DemoProject.framework */ = {isa = PBXFileReference; explicitFileType = wrapper.framework; includeInIndex = 0; path = Pods_DemoProject.framework; sourceTree = BUILT_PRODUCTS_DIR; };
/* End PBXFileReference section */

/* Begin PBXFrameworksBuildPhase section */
		5243BB1E29B9FA07001EE08F /* Frameworks */ = {
			isa = PBXFrameworksBuildPhase;
			buildActionMask = 2147483647;
			files = (
				832EDFC71D5126D1F3F9515E /* Pods_DemoProject.framework in Frameworks */,
			);
			runOnlyForDeploymentPostprocessing = 0;
		};
/* End PBXFrameworksBuildPhase section */

/* Begin PBXGroup section */
		5243BB1829B9FA07001EE08F = {
			isa = PBXGroup;
			children = (
				5243BB2329B9FA07001EE08F /* DemoProject */,
				5243BB2229B9FA07001EE08F /* Products */,
				87DCFAE62B1F003E6BF399BF /* Pods */,
				B2BA156A1AC04BE94E7174D8 /* Frameworks */,
			);
			sourceTree = "<group>";
		};
		5243BB2229B9FA07001EE08F /* Products */ = {
			isa = PBXGroup;
			children = (
				5243BB2129B9FA07001EE08F /* DemoProject.app */,
			);
			name = Products;
			sourceTree = "<group>";
		};
		5243BB2329B9FA07001EE08F /* DemoProject */ = {
			isa = PBXGroup;
			children = (
				5243BB4029B9FEC1001EE08F /* signup.db */,
				5243BB2429B9FA07001EE08F /* AppDelegate.swift */,
				5243BB2629B9FA07001EE08F /* SceneDelegate.swift */,
				5243BB2829B9FA07001EE08F /* ViewController.swift */,
				5243BB2A29B9FA07001EE08F /* Main.storyboard */,
				5243BB3D29B9FD1B001EE08F /* MyData.swift */,
				5243BB2D29B9FA0A001EE08F /* Assets.xcassets */,
				5243BB2F29B9FA0A001EE08F /* LaunchScreen.storyboard */,
				5243BB3229B9FA0A001EE08F /* Info.plist */,
			);
			path = DemoProject;
			sourceTree = "<group>";
		};
		87DCFAE62B1F003E6BF399BF /* Pods */ = {
			isa = PBXGroup;
			children = (
				5D2897EB409A6F3A9B931CC1 /* Pods-DemoProject.debug.xcconfig */,
				6C51D7DC45F04DE007474A6C /* Pods-DemoProject.release.xcconfig */,
			);
			path = Pods;
			sourceTree = "<group>";
		};
		B2BA156A1AC04BE94E7174D8 /* Frameworks */ = {
			isa = PBXGroup;
			children = (
				7B60C472FE40816DD8E43774 /* Pods_DemoProject.framework */,
			);
			name = Frameworks;
			sourceTree = "<group>";
		};
/* End PBXGroup section */

/* Begin PBXNativeTarget section */
		5243BB2029B9FA07001EE08F /* DemoProject */ = {
			isa = PBXNativeTarget;
			buildConfigurationList = 5243BB3529B9FA0A001EE08F /* Build configuration list for PBXNativeTarget "DemoProject" */;
			buildPhases = (
				F79166507E81D08DCBC7D4DC /* [CP] Check Pods Manifest.lock */,
				5243BB1D29B9FA07001EE08F /* Sources */,
				5243BB1E29B9FA07001EE08F /* Frameworks */,
				5243BB1F29B9FA07001EE08F /* Resources */,
				3E8A7949FEE7814171C4F93D /* [CP] Embed Pods Frameworks */,
			);
			buildRules = (
			);
			dependencies = (
			);
			name = DemoProject;
			productName = DemoProject;
			productReference = 5243BB2129B9FA07001EE08F /* DemoProject.app */;
			productType = "com.apple.product-type.application";
		};
/* End PBXNativeTarget section */

/* Begin PBXProject section */
		5243BB1929B9FA07001EE08F /* Project object */ = {
			isa = PBXProject;
			attributes = {
				LastSwiftUpdateCheck = 1240;
				LastUpgradeCheck = 1240;
				TargetAttributes = {
					5243BB2029B9FA07001EE08F = {
						CreatedOnToolsVersion = 12.4;
					};
				};
			};
			buildConfigurationList = 5243BB1C29B9FA07001EE08F /* Build configuration list for PBXProject "DemoProject" */;
			compatibilityVersion = "Xcode 9.3";
			developmentRegion = en;
			hasScannedForEncodings = 0;
			knownRegions = (
				en,
				Base,
			);
			mainGroup = 5243BB1829B9FA07001EE08F;
			productRefGroup = 5243BB2229B9FA07001EE08F /* Products */;
			projectDirPath = "";
			projectRoot = "";
			targets = (
				5243BB2029B9FA07001EE08F /* DemoProject */,
			);
		};
/* End PBXProject section */

/* Begin PBXResourcesBuildPhase section */
		5243BB1F29B9FA07001EE08F /* Resources */ = {
			isa = PBXResourcesBuildPhase;
			buildActionMask = 2147483647;
			files = (
				5243BB3129B9FA0A001EE08F /* LaunchScreen.storyboard in Resources */,
				5243BB2E29B9FA0A001EE08F /* Assets.xcassets in Resources */,
				5243BB2C29B9FA07001EE08F /* Main.storyboard in Resources */,
				5243BB4129B9FEC1001EE08F /* signup.db in Resources */,
			);
			runOnlyForDeploymentPostprocessing = 0;
		};
/* End PBXResourcesBuildPhase section */

/* Begin PBXShellScriptBuildPhase section */
		3E8A7949FEE7814171C4F93D /* [CP] Embed Pods Frameworks */ = {
			isa = PBXShellScriptBuildPhase;
			buildActionMask = 2147483647;
			files = (
			);
			inputFileListPaths = (
				"${PODS_ROOT}/Target Support Files/Pods-DemoProject/Pods-DemoProject-frameworks-${CONFIGURATION}-input-files.xcfilelist",
			);
			name = "[CP] Embed Pods Frameworks";
			outputFileListPaths = (
				"${PODS_ROOT}/Target Support Files/Pods-DemoProject/Pods-DemoProject-frameworks-${CONFIGURATION}-output-files.xcfilelist",
			);
			runOnlyForDeploymentPostprocessing = 0;
			shellPath = /bin/sh;
			shellScript = "\"${PODS_ROOT}/Target Support Files/Pods-DemoProject/Pods-DemoProject-frameworks.sh\"\n";
			showEnvVarsInLog = 0;
		};
		F79166507E81D08DCBC7D4DC /* [CP] Check Pods Manifest.lock */ = {
			isa = PBXShellScriptBuildPhase;
			buildActionMask = 2147483647;
			files = (
			);
			inputFileListPaths = (
			);
			inputPaths = (
				"${PODS_PODFILE_DIR_PATH}/Podfile.lock",
				"${PODS_ROOT}/Manifest.lock",
			);
			name = "[CP] Check Pods Manifest.lock";
			outputFileListPaths = (
			);
			outputPaths = (
				"$(DERIVED_FILE_DIR)/Pods-DemoProject-checkManifestLockResult.txt",
			);
			runOnlyForDeploymentPostprocessing = 0;
			shellPath = /bin/sh;
			shellScript = "diff \"${PODS_PODFILE_DIR_PATH}/Podfile.lock\" \"${PODS_ROOT}/Manifest.lock\" > /dev/null\nif [ $? != 0 ] ; then\n    # print error to STDERR\n    echo \"error: The sandbox is not in sync with the Podfile.lock. Run 'pod install' or update your CocoaPods installation.\" >&2\n    exit 1\nfi\n# This output is used by Xcode 'outputs' to avoid re-running this script phase.\necho \"SUCCESS\" > \"${SCRIPT_OUTPUT_FILE_0}\"\n";
			showEnvVarsInLog = 0;
		};
/* End PBXShellScriptBuildPhase section */

/* Begin PBXSourcesBuildPhase section */
		5243BB1D29B9FA07001EE08F /* Sources */ = {
			isa = PBXSourcesBuildPhase;
			buildActionMask = 2147483647;
			files = (
				5243BB2929B9FA07001EE08F /* ViewController.swift in Sources */,
				5243BB2529B9FA07001EE08F /* AppDelegate.swift in Sources */,
				5243BB2729B9FA07001EE08F /* SceneDelegate.swift in Sources */,
				5243BB3E29B9FD1B001EE08F /* MyData.swift in Sources */,
			);
			runOnlyForDeploymentPostprocessing = 0;
		};
/* End PBXSourcesBuildPhase section */

/* Begin PBXVariantGroup section */
		5243BB2A29B9FA07001EE08F /* Main.storyboard */ = {
			isa = PBXVariantGroup;
			children = (
				5243BB2B29B9FA07001EE08F /* Base */,
			);
			name = Main.storyboard;
			sourceTree = "<group>";
		};
		5243BB2F29B9FA0A001EE08F /* LaunchScreen.storyboard */ = {
			isa = PBXVariantGroup;
			children = (
				5243BB3029B9FA0A001EE08F /* Base */,
			);
			name = LaunchScreen.storyboard;
			sourceTree = "<group>";
		};
/* End PBXVariantGroup section */

/* Begin XCBuildConfiguration section */
		5243BB3329B9FA0A001EE08F /* Debug */ = {
			isa = XCBuildConfiguration;
			buildSettings = {
				ALWAYS_SEARCH_USER_PATHS = NO;
				CLANG_ANALYZER_NONNULL = YES;
				CLANG_ANALYZER_NUMBER_OBJECT_CONVERSION = YES_AGGRESSIVE;
				CLANG_CXX_LANGUAGE_STANDARD = "gnu++14";
				CLANG_CXX_LIBRARY = "libc++";
				CLANG_ENABLE_MODULES = YES;
				CLANG_ENABLE_OBJC_ARC = YES;
				CLANG_ENABLE_OBJC_WEAK = YES;
				CLANG_WARN_BLOCK_CAPTURE_AUTORELEASING = YES;
				CLANG_WARN_BOOL_CONVERSION = YES;
				CLANG_WARN_COMMA = YES;
				CLANG_WARN_CONSTANT_CONVERSION = YES;
				CLANG_WARN_DEPRECATED_OBJC_IMPLEMENTATIONS = YES;
				CLANG_WARN_DIRECT_OBJC_ISA_USAGE = YES_ERROR;
				CLANG_WARN_DOCUMENTATION_COMMENTS = YES;
				CLANG_WARN_EMPTY_BODY = YES;
				CLANG_WARN_ENUM_CONVERSION = YES;
				CLANG_WARN_INFINITE_RECURSION = YES;
				CLANG_WARN_INT_CONVERSION = YES;
				CLANG_WARN_NON_LITERAL_NULL_CONVERSION = YES;
				CLANG_WARN_OBJC_IMPLICIT_RETAIN_SELF = YES;
				CLANG_WARN_OBJC_LITERAL_CONVERSION = YES;
				CLANG_WARN_OBJC_ROOT_CLASS = YES_ERROR;
				CLANG_WARN_QUOTED_INCLUDE_IN_FRAMEWORK_HEADER = YES;
				CLANG_WARN_RANGE_LOOP_ANALYSIS = YES;
				CLANG_WARN_STRICT_PROTOTYPES = YES;
				CLANG_WARN_SUSPICIOUS_MOVE = YES;
				CLANG_WARN_UNGUARDED_AVAILABILITY = YES_AGGRESSIVE;
				CLANG_WARN_UNREACHABLE_CODE = YES;
				CLANG_WARN__DUPLICATE_METHOD_MATCH = YES;
				COPY_PHASE_STRIP = NO;
				DEBUG_INFORMATION_FORMAT = dwarf;
				ENABLE_STRICT_OBJC_MSGSEND = YES;
				ENABLE_TESTABILITY = YES;
				GCC_C_LANGUAGE_STANDARD = gnu11;
				GCC_DYNAMIC_NO_PIC = NO;
				GCC_NO_COMMON_BLOCKS = YES;
				GCC_OPTIMIZATION_LEVEL = 0;
				GCC_PREPROCESSOR_DEFINITIONS = (
					"DEBUG=1",
					"$(inherited)",
				);
				GCC_WARN_64_TO_32_BIT_CONVERSION = YES;
				GCC_WARN_ABOUT_RETURN_TYPE = YES_ERROR;
				GCC_WARN_UNDECLARED_SELECTOR = YES;
				GCC_WARN_UNINITIALIZED_AUTOS = YES_AGGRESSIVE;
				GCC_WARN_UNUSED_FUNCTION = YES;
				GCC_WARN_UNUSED_VARIABLE = YES;
				IPHONEOS_DEPLOYMENT_TARGET = 14.4;
				MTL_ENABLE_DEBUG_INFO = INCLUDE_SOURCE;
				MTL_FAST_MATH = YES;
				ONLY_ACTIVE_ARCH = YES;
				SDKROOT = iphoneos;
				SWIFT_ACTIVE_COMPILATION_CONDITIONS = DEBUG;
				SWIFT_OPTIMIZATION_LEVEL = "-Onone";
			};
			name = Debug;
		};
		5243BB3429B9FA0A001EE08F /* Release */ = {
			isa = XCBuildConfiguration;
			buildSettings = {
				ALWAYS_SEARCH_USER_PATHS = NO;
				CLANG_ANALYZER_NONNULL = YES;
				CLANG_ANALYZER_NUMBER_OBJECT_CONVERSION = YES_AGGRESSIVE;
				CLANG_CXX_LANGUAGE_STANDARD = "gnu++14";
				CLANG_CXX_LIBRARY = "libc++";
				CLANG_ENABLE_MODULES = YES;
				CLANG_ENABLE_OBJC_ARC = YES;
				CLANG_ENABLE_OBJC_WEAK = YES;
				CLANG_WARN_BLOCK_CAPTURE_AUTORELEASING = YES;
				CLANG_WARN_BOOL_CONVERSION = YES;
				CLANG_WARN_COMMA = YES;
				CLANG_WARN_CONSTANT_CONVERSION = YES;
				CLANG_WARN_DEPRECATED_OBJC_IMPLEMENTATIONS = YES;
				CLANG_WARN_DIRECT_OBJC_ISA_USAGE = YES_ERROR;
				CLANG_WARN_DOCUMENTATION_COMMENTS = YES;
				CLANG_WARN_EMPTY_BODY = YES;
				CLANG_WARN_ENUM_CONVERSION = YES;
				CLANG_WARN_INFINITE_RECURSION = YES;
				CLANG_WARN_INT_CONVERSION = YES;
				CLANG_WARN_NON_LITERAL_NULL_CONVERSION = YES;
				CLANG_WARN_OBJC_IMPLICIT_RETAIN_SELF = YES;
				CLANG_WARN_OBJC_LITERAL_CONVERSION = YES;
				CLANG_WARN_OBJC_ROOT_CLASS = YES_ERROR;
				CLANG_WARN_QUOTED_INCLUDE_IN_FRAMEWORK_HEADER = YES;
				CLANG_WARN_RANGE_LOOP_ANALYSIS = YES;
				CLANG_WARN_STRICT_PROTOTYPES = YES;
				CLANG_WARN_SUSPICIOUS_MOVE = YES;
				CLANG_WARN_UNGUARDED_AVAILABILITY = YES_AGGRESSIVE;
				CLANG_WARN_UNREACHABLE_CODE = YES;
				CLANG_WARN__DUPLICATE_METHOD_MATCH = YES;
				COPY_PHASE_STRIP = NO;
				DEBUG_INFORMATION_FORMAT = "dwarf-with-dsym";
				ENABLE_NS_ASSERTIONS = NO;
				ENABLE_STRICT_OBJC_MSGSEND = YES;
				GCC_C_LANGUAGE_STANDARD = gnu11;
				GCC_NO_COMMON_BLOCKS = YES;
				GCC_WARN_64_TO_32_BIT_CONVERSION = YES;
				GCC_WARN_ABOUT_RETURN_TYPE = YES_ERROR;
				GCC_WARN_UNDECLARED_SELECTOR = YES;
				GCC_WARN_UNINITIALIZED_AUTOS = YES_AGGRESSIVE;
				GCC_WARN_UNUSED_FUNCTION = YES;
				GCC_WARN_UNUSED_VARIABLE = YES;
				IPHONEOS_DEPLOYMENT_TARGET = 14.4;
				MTL_ENABLE_DEBUG_INFO = NO;
				MTL_FAST_MATH = YES;
				SDKROOT = iphoneos;
				SWIFT_COMPILATION_MODE = wholemodule;
				SWIFT_OPTIMIZATION_LEVEL = "-O";
				VALIDATE_PRODUCT = YES;
			};
			name = Release;
		};
		5243BB3629B9FA0A001EE08F /* Debug */ = {
			isa = XCBuildConfiguration;
			baseConfigurationReference = 5D2897EB409A6F3A9B931CC1 /* Pods-DemoProject.debug.xcconfig */;
			buildSettings = {
				ASSETCATALOG_COMPILER_APPICON_NAME = AppIcon;
				ASSETCATALOG_COMPILER_GLOBAL_ACCENT_COLOR_NAME = AccentColor;
				CODE_SIGN_STYLE = Automatic;
				INFOPLIST_FILE = DemoProject/Info.plist;
				LD_RUNPATH_SEARCH_PATHS = (
					"$(inherited)",
					"@executable_path/Frameworks",
				);
				PRODUCT_BUNDLE_IDENTIFIER = com.test.DemoProject;
				PRODUCT_NAME = "$(TARGET_NAME)";
				SWIFT_VERSION = 5.0;
				TARGETED_DEVICE_FAMILY = "1,2";
			};
			name = Debug;
		};
		5243BB3729B9FA0A001EE08F /* Release */ = {
			isa = XCBuildConfiguration;
			baseConfigurationReference = 6C51D7DC45F04DE007474A6C /* Pods-DemoProject.release.xcconfig */;
			buildSettings = {
				ASSETCATALOG_COMPILER_APPICON_NAME = AppIcon;
				ASSETCATALOG_COMPILER_GLOBAL_ACCENT_COLOR_NAME = AccentColor;
				CODE_SIGN_STYLE = Automatic;
				INFOPLIST_FILE = DemoProject/Info.plist;
				LD_RUNPATH_SEARCH_PATHS = (
					"$(inherited)",
					"@executable_path/Frameworks",
				);
				PRODUCT_BUNDLE_IDENTIFIER = com.test.DemoProject;
				PRODUCT_NAME = "$(TARGET_NAME)";
				SWIFT_VERSION = 5.0;
				TARGETED_DEVICE_FAMILY = "1,2";
			};
			name = Release;
		};
/* End XCBuildConfiguration section */

/* Begin XCConfigurationList section */
		5243BB1C29B9FA07001EE08F /* Build configuration list for PBXProject "DemoProject" */ = {
			isa = XCConfigurationList;
			buildConfigurations = (
				5243BB3329B9FA0A001EE08F /* Debug */,
				5243BB3429B9FA0A001EE08F /* Release */,
			);
			defaultConfigurationIsVisible = 0;
			defaultConfigurationName = Release;
		};
		5243BB3529B9FA0A001EE08F /* Build configuration list for PBXNativeTarget "DemoProject" */ = {
			isa = XCConfigurationList;
			buildConfigurations = (
				5243BB3629B9FA0A001EE08F /* Debug */,
				5243BB3729B9FA0A001EE08F /* Release */,
			);
			defaultConfigurationIsVisible = 0;
			defaultConfigurationName = Release;
		};
/* End XCConfigurationList section */
	};
	rootObject = 5243BB1929B9FA07001EE08F /* Project object */;
}
